
Microsoft Visual Studio Solution File, Format Version 12.00
# Visual Studio Version 17
VisualStudioVersion = 17.9.34902.65
MinimumVisualStudioVersion = 10.0.40219.1
Project("{9A19103F-16F7-4668-BE54-9A1E7A4F7556}") = "AwsServices", "AwsServices\AwsServices.csproj", "{ED739847-CFAC-4621-99B5-3C556C318D0E}"
EndProject
Project("{2150E333-8FDC-42A3-9474-1A3956D46DE8}") = "Infrastructure", "Infrastructure", "{4AD1218E-7AD0-4BBC-A131-23C0F4A5FC07}"
EndProject
Project("{9A19103F-16F7-4668-BE54-9A1E7A4F7556}") = "S3Service", "S3Service\S3Service.csproj", "{DF4D9B68-36E5-47C7-9176-7F8DC75D763F}"
EndProject
Project("{2150E333-8FDC-42A3-9474-1A3956D46DE8}") = "Azure", "Azure", "{4371AE21-7BAF-4CA4-A81A-A955284A28E6}"
EndProject
Project("{2150E333-8FDC-42A3-9474-1A3956D46DE8}") = "Aws", "Aws", "{B1367D1C-ACE1-4534-A798-9D6AFAD73790}"
EndProject
Project("{9A19103F-16F7-4668-BE54-9A1E7A4F7556}") = "AzBlobStorage", "AzBlobStorage\AzBlobStorage.csproj", "{94B39B70-B6D4-453E-83EA-E37D0476242E}"
EndProject
Project("{2150E333-8FDC-42A3-9474-1A3956D46DE8}") = "Domain", "Domain", "{0DBFCCC3-0DE5-4C19-8E10-D4A5354FEE32}"
EndProject
Project("{2150E333-8FDC-42A3-9474-1A3956D46DE8}") = "Config", "Config", "{0D49128A-CEAD-48C0-8C3E-01E8395705E4}"
EndProject
Project("{9A19103F-16F7-4668-BE54-9A1E7A4F7556}") = "AzureDomain", "AzureDomain\AzureDomain.csproj", "{78DE3A8E-4721-4325-92CB-D1ACC7EFB10E}"
EndProject
Project("{FAE04EC0-301F-11D3-BF4B-00C04F79EFBC}") = "DynamoService", "DynamoService\DynamoService.csproj", "{8E1877EB-76C0-4E53-B0B6-1C7F7581E3FD}"
EndProject
Global
	GlobalSection(SolutionConfigurationPlatforms) = preSolution
		Debug|Any CPU = Debug|Any CPU
		Release|Any CPU = Release|Any CPU
	EndGlobalSection
	GlobalSection(ProjectConfigurationPlatforms) = postSolution
		{ED739847-CFAC-4621-99B5-3C556C318D0E}.Debug|Any CPU.ActiveCfg = Debug|Any CPU
		{ED739847-CFAC-4621-99B5-3C556C318D0E}.Debug|Any CPU.Build.0 = Debug|Any CPU
		{ED739847-CFAC-4621-99B5-3C556C318D0E}.Release|Any CPU.ActiveCfg = Release|Any CPU
		{ED739847-CFAC-4621-99B5-3C556C318D0E}.Release|Any CPU.Build.0 = Release|Any CPU
		{DF4D9B68-36E5-47C7-9176-7F8DC75D763F}.Debug|Any CPU.ActiveCfg = Debug|Any CPU
		{DF4D9B68-36E5-47C7-9176-7F8DC75D763F}.Debug|Any CPU.Build.0 = Debug|Any CPU
		{DF4D9B68-36E5-47C7-9176-7F8DC75D763F}.Release|Any CPU.ActiveCfg = Release|Any CPU
		{DF4D9B68-36E5-47C7-9176-7F8DC75D763F}.Release|Any CPU.Build.0 = Release|Any CPU
		{94B39B70-B6D4-453E-83EA-E37D0476242E}.Debug|Any CPU.ActiveCfg = Debug|Any CPU
		{94B39B70-B6D4-453E-83EA-E37D0476242E}.Debug|Any CPU.Build.0 = Debug|Any CPU
		{94B39B70-B6D4-453E-83EA-E37D0476242E}.Release|Any CPU.ActiveCfg = Release|Any CPU
		{94B39B70-B6D4-453E-83EA-E37D0476242E}.Release|Any CPU.Build.0 = Release|Any CPU
		{78DE3A8E-4721-4325-92CB-D1ACC7EFB10E}.Debug|Any CPU.ActiveCfg = Debug|Any CPU
		{78DE3A8E-4721-4325-92CB-D1ACC7EFB10E}.Debug|Any CPU.Build.0 = Debug|Any CPU
		{78DE3A8E-4721-4325-92CB-D1ACC7EFB10E}.Release|Any CPU.ActiveCfg = Release|Any CPU
		{78DE3A8E-4721-4325-92CB-D1ACC7EFB10E}.Release|Any CPU.Build.0 = Release|Any CPU
		{8E1877EB-76C0-4E53-B0B6-1C7F7581E3FD}.Debug|Any CPU.ActiveCfg = Debug|Any CPU
		{8E1877EB-76C0-4E53-B0B6-1C7F7581E3FD}.Debug|Any CPU.Build.0 = Debug|Any CPU
		{8E1877EB-76C0-4E53-B0B6-1C7F7581E3FD}.Release|Any CPU.ActiveCfg = Release|Any CPU
		{8E1877EB-76C0-4E53-B0B6-1C7F7581E3FD}.Release|Any CPU.Build.0 = Release|Any CPU
	EndGlobalSection
	GlobalSection(SolutionProperties) = preSolution
		HideSolutionNode = FALSE
	EndGlobalSection
	GlobalSection(NestedProjects) = preSolution
		{DF4D9B68-36E5-47C7-9176-7F8DC75D763F} = {B1367D1C-ACE1-4534-A798-9D6AFAD73790}
		{4371AE21-7BAF-4CA4-A81A-A955284A28E6} = {4AD1218E-7AD0-4BBC-A131-23C0F4A5FC07}
		{B1367D1C-ACE1-4534-A798-9D6AFAD73790} = {4AD1218E-7AD0-4BBC-A131-23C0F4A5FC07}
		{94B39B70-B6D4-453E-83EA-E37D0476242E} = {4371AE21-7BAF-4CA4-A81A-A955284A28E6}
		{0D49128A-CEAD-48C0-8C3E-01E8395705E4} = {0DBFCCC3-0DE5-4C19-8E10-D4A5354FEE32}
		{78DE3A8E-4721-4325-92CB-D1ACC7EFB10E} = {0D49128A-CEAD-48C0-8C3E-01E8395705E4}
		{8E1877EB-76C0-4E53-B0B6-1C7F7581E3FD} = {B1367D1C-ACE1-4534-A798-9D6AFAD73790}
	EndGlobalSection
	GlobalSection(ExtensibilityGlobals) = postSolution
		SolutionGuid = {A072B0CA-57F7-44C9-A0E6-E3C94A2748C7}
	EndGlobalSection
EndGlobal
